
Microsoft Visual Studio Solution File, Format Version 12.00
# Visual Studio 15
VisualStudioVersion = 15.0.27004.2009
MinimumVisualStudioVersion = 10.0.40219.1
Project("{FAE04EC0-301F-11D3-BF4B-00C04F79EFBC}") = "UBSExercise", "UBSExercise\UBSExercise.csproj", "{8B239048-C9F7-4069-B54C-6F1BAAD0207A}"
EndProject
Global
	GlobalSection(SolutionConfigurationPlatforms) = preSolution
		Debug|Any CPU = Debug|Any CPU
		Release|Any CPU = Release|Any CPU
	EndGlobalSection
	GlobalSection(ProjectConfigurationPlatforms) = postSolution
		{8B239048-C9F7-4069-B54C-6F1BAAD0207A}.Debug|Any CPU.ActiveCfg = Debug|Any CPU
		{8B239048-C9F7-4069-B54C-6F1BAAD0207A}.Debug|Any CPU.Build.0 = Debug|Any CPU
		{8B239048-C9F7-4069-B54C-6F1BAAD0207A}.Release|Any CPU.ActiveCfg = Release|Any CPU
		{8B239048-C9F7-4069-B54C-6F1BAAD0207A}.Release|Any CPU.Build.0 = Release|Any CPU
	EndGlobalSection
	GlobalSection(SolutionProperties) = preSolution
		HideSolutionNode = FALSE
	EndGlobalSection
	GlobalSection(ExtensibilityGlobals) = postSolution
		SolutionGuid = {D4AD83D1-184E-4BC5-9F73-16D768A4F40F}
	EndGlobalSection
EndGlobal
